
Microsoft Visual Studio Solution File, Format Version 11.00
# Visual Studio 2010
Project("{FAE04EC0-301F-11D3-BF4B-00C04F79EFBC}") = "DocumentSetSample", "DocumentSetSample\DocumentSetSample.csproj", "{703C4E5D-7E1F-4A94-ACA4-835594A1141B}"
EndProject
Project("{FAE04EC0-301F-11D3-BF4B-00C04F79EFBC}") = "KB.Core", "KB.Core\KB.Core.csproj", "{18392633-B8F4-4F24-937F-D0FC2B1A83E8}"
EndProject
Global
	GlobalSection(SolutionConfigurationPlatforms) = preSolution
		Debug|Any CPU = Debug|Any CPU
		Release|Any CPU = Release|Any CPU
	EndGlobalSection
	GlobalSection(ProjectConfigurationPlatforms) = postSolution
		{703C4E5D-7E1F-4A94-ACA4-835594A1141B}.Debug|Any CPU.ActiveCfg = Debug|Any CPU
		{703C4E5D-7E1F-4A94-ACA4-835594A1141B}.Debug|Any CPU.Build.0 = Debug|Any CPU
		{703C4E5D-7E1F-4A94-ACA4-835594A1141B}.Debug|Any CPU.Deploy.0 = Debug|Any CPU
		{703C4E5D-7E1F-4A94-ACA4-835594A1141B}.Release|Any CPU.ActiveCfg = Release|Any CPU
		{703C4E5D-7E1F-4A94-ACA4-835594A1141B}.Release|Any CPU.Build.0 = Release|Any CPU
		{703C4E5D-7E1F-4A94-ACA4-835594A1141B}.Release|Any CPU.Deploy.0 = Release|Any CPU
		{18392633-B8F4-4F24-937F-D0FC2B1A83E8}.Debug|Any CPU.ActiveCfg = Debug|Any CPU
		{18392633-B8F4-4F24-937F-D0FC2B1A83E8}.Debug|Any CPU.Build.0 = Debug|Any CPU
		{18392633-B8F4-4F24-937F-D0FC2B1A83E8}.Release|Any CPU.ActiveCfg = Release|Any CPU
		{18392633-B8F4-4F24-937F-D0FC2B1A83E8}.Release|Any CPU.Build.0 = Release|Any CPU
	EndGlobalSection
	GlobalSection(SolutionProperties) = preSolution
		HideSolutionNode = FALSE
	EndGlobalSection
EndGlobal
